Microsoft Visual Studio Solution File, Format Version 12.00
# Visual Studio 2012
Project("{FAE04EC0-301F-11D3-BF4B-00C04F79EFBC}") = "Dodge The Creeps", "Dodge The Creeps.csproj", "{BAD8B38F-8DB3-43F6-9991-B0151D0F23B1}"
EndProject
Global
	GlobalSection(SolutionConfigurationPlatforms) = preSolution
	Debug|Any CPU = Debug|Any CPU
	ExportDebug|Any CPU = ExportDebug|Any CPU
	ExportRelease|Any CPU = ExportRelease|Any CPU
	EndGlobalSection
	GlobalSection(ProjectConfigurationPlatforms) = postSolution
		{BAD8B38F-8DB3-43F6-9991-B0151D0F23B1}.Debug|Any CPU.ActiveCfg = Debug|Any CPU
		{BAD8B38F-8DB3-43F6-9991-B0151D0F23B1}.Debug|Any CPU.Build.0 = Debug|Any CPU
		{BAD8B38F-8DB3-43F6-9991-B0151D0F23B1}.ExportDebug|Any CPU.ActiveCfg = ExportDebug|Any CPU
		{BAD8B38F-8DB3-43F6-9991-B0151D0F23B1}.ExportDebug|Any CPU.Build.0 = ExportDebug|Any CPU
		{BAD8B38F-8DB3-43F6-9991-B0151D0F23B1}.ExportRelease|Any CPU.ActiveCfg = ExportRelease|Any CPU
		{BAD8B38F-8DB3-43F6-9991-B0151D0F23B1}.ExportRelease|Any CPU.Build.0 = ExportRelease|Any CPU
	EndGlobalSection
EndGlobal
